
Microsoft Visual Studio Solution File, Format Version 12.00
# Visual Studio 2012
# Clarion 2.1.0.2447
Project("{12B76EC0-1D7B-4FA7-A7D0-C524288B48A1}") = "HelloWin", "HelloWin.cwproj", "{25A0B928-D8B6-4D80-AB36-60A74B1DC6DC}"
EndProject
Global
	GlobalSection(SolutionConfigurationPlatforms) = preSolution
		Debug|Win32 = Debug|Win32
		Release|Win32 = Release|Win32
	EndGlobalSection
	GlobalSection(ProjectConfigurationPlatforms) = postSolution
		{25A0B928-D8B6-4D80-AB36-60A74B1DC6DC}.Debug|Win32.Build.0 = Debug|Win32
		{25A0B928-D8B6-4D80-AB36-60A74B1DC6DC}.Debug|Win32.ActiveCfg = Debug|Win32
		{25A0B928-D8B6-4D80-AB36-60A74B1DC6DC}.Release|Win32.Build.0 = Release|Win32
		{25A0B928-D8B6-4D80-AB36-60A74B1DC6DC}.Release|Win32.ActiveCfg = Release|Win32
	EndGlobalSection
EndGlobal
